<Solution>
  <Configurations>
    <Platform Name="Any CPU" />
    <Platform Name="x64" />
    <Platform Name="x86" />
  </Configurations>
  <Project Path="Base64Middleware.TestApp/Base64Middleware.TestApp.csproj" />
  <Project Path="Base64Middleware/Base64Middleware.csproj" />
  <Project Path="EtagMiddleware/EtagMiddleware.csproj" />
</Solution>
